
Microsoft Visual Studio Solution File, Format Version 12.00
# Visual Studio 2015
Project("{FAE04EC0-301F-11D3-BF4B-00C04F79EFBC}") = "Bomberman 3D", "Bomberman 3D.csproj", "{00406F1B-F846-11B7-DAF8-AF76B52B28F2}"
EndProject
Global
	GlobalSection(SolutionConfigurationPlatforms) = preSolution
		Debug|Any CPU = Debug|Any CPU
		Release|Any CPU = Release|Any CPU
	EndGlobalSection
	GlobalSection(ProjectConfigurationPlatforms) = postSolution
		{00406F1B-F846-11B7-DAF8-AF76B52B28F2}.Debug|Any CPU.ActiveCfg = Debug|Any CPU
		{00406F1B-F846-11B7-DAF8-AF76B52B28F2}.Debug|Any CPU.Build.0 = Debug|Any CPU
		{00406F1B-F846-11B7-DAF8-AF76B52B28F2}.Release|Any CPU.ActiveCfg = Release|Any CPU
		{00406F1B-F846-11B7-DAF8-AF76B52B28F2}.Release|Any CPU.Build.0 = Release|Any CPU
	EndGlobalSection
	GlobalSection(SolutionProperties) = preSolution
		HideSolutionNode = FALSE
	EndGlobalSection
EndGlobal
